// !$*UTF8*$!
{
	archiveVersion = 1;
	classes = {
	};
	objectVersion = 56;
	objects = {

/* Begin PBXBuildFile section */
		FEBE10AD2BCA8EC200C75D9C /* QuizletApp.swift in Sources */ = {isa = PBXBuildFile; fileRef = FEBE10AC2BCA8EC200C75D9C /* QuizletApp.swift */; };
		FEBE10AF2BCA8EC200C75D9C /* ContentView.swift in Sources */ = {isa = PBXBuildFile; fileRef = FEBE10AE2BCA8EC200C75D9C /* ContentView.swift */; };
		FEBE10B12BCA8EC300C75D9C /* Assets.xcassets in Resources */ = {isa = PBXBuildFile; fileRef = FEBE10B02BCA8EC300C75D9C /* Assets.xcassets */; };
		FEBE10B42BCA8EC300C75D9C /* Preview Assets.xcassets in Resources */ = {isa = PBXBuildFile; fileRef = FEBE10B32BCA8EC300C75D9C /* Preview Assets.xcassets */; };
		FEBE10D22BCA940600C75D9C /* QuizletNetworkLayer in Frameworks */ = {isa = PBXBuildFile; productRef = FEBE10D12BCA940600C75D9C /* QuizletNetworkLayer */; };
		FEBE10D42BCA964600C75D9C /* ContentViewModel.swift in Sources */ = {isa = PBXBuildFile; fileRef = FEBE10D32BCA964600C75D9C /* ContentViewModel.swift */; };
		FEBE10D82BCA9D0100C75D9C /* AuthView.swift in Sources */ = {isa = PBXBuildFile; fileRef = FEBE10D72BCA9D0100C75D9C /* AuthView.swift */; };
		FEBE10DB2BCA9E2500C75D9C /* QuizletCommonUI in Frameworks */ = {isa = PBXBuildFile; productRef = FEBE10DA2BCA9E2500C75D9C /* QuizletCommonUI */; };
		FECFEE782BCB3E6900DF65DF /* QuizletRedux in Frameworks */ = {isa = PBXBuildFile; productRef = FECFEE772BCB3E6900DF65DF /* QuizletRedux */; };
		FECFEE7C2BCB3E9000DF65DF /* AuthViewState.swift in Sources */ = {isa = PBXBuildFile; fileRef = FECFEE7B2BCB3E9000DF65DF /* AuthViewState.swift */; };
		FECFEE7E2BCB3EA000DF65DF /* AuthViewStateAction.swift in Sources */ = {isa = PBXBuildFile; fileRef = FECFEE7D2BCB3EA000DF65DF /* AuthViewStateAction.swift */; };
		FECFEE812BCB3F5A00DF65DF /* AppScreenState.swift in Sources */ = {isa = PBXBuildFile; fileRef = FECFEE802BCB3F5A00DF65DF /* AppScreenState.swift */; };
		FECFEE832BCB3FC000DF65DF /* AppScreenStateReducer.swift in Sources */ = {isa = PBXBuildFile; fileRef = FECFEE822BCB3FC000DF65DF /* AppScreenStateReducer.swift */; };
		FECFEE852BCB3FF000DF65DF /* AuthViewStateReducer.swift in Sources */ = {isa = PBXBuildFile; fileRef = FECFEE842BCB3FF000DF65DF /* AuthViewStateReducer.swift */; };
		FECFEE882BCB406900DF65DF /* ActiveScreensState.swift in Sources */ = {isa = PBXBuildFile; fileRef = FECFEE872BCB406900DF65DF /* ActiveScreensState.swift */; };
		FECFEE8A2BCB407A00DF65DF /* SplashView.swift in Sources */ = {isa = PBXBuildFile; fileRef = FECFEE892BCB407A00DF65DF /* SplashView.swift */; };
		FECFEE8E2BCB409100DF65DF /* SplashViewState.swift in Sources */ = {isa = PBXBuildFile; fileRef = FECFEE8D2BCB409100DF65DF /* SplashViewState.swift */; };
		FECFEE902BCB409B00DF65DF /* SplashViewStateAction.swift in Sources */ = {isa = PBXBuildFile; fileRef = FECFEE8F2BCB409B00DF65DF /* SplashViewStateAction.swift */; };
		FECFEE922BCB40AF00DF65DF /* SplashViewStateReducer.swift in Sources */ = {isa = PBXBuildFile; fileRef = FECFEE912BCB40AF00DF65DF /* SplashViewStateReducer.swift */; };
		FECFEE942BCB412300DF65DF /* ActiveScreensStateAction.swift in Sources */ = {isa = PBXBuildFile; fileRef = FECFEE932BCB412300DF65DF /* ActiveScreensStateAction.swift */; };
		FECFEE962BCB414200DF65DF /* ActiveScreensStateReducer.swift in Sources */ = {isa = PBXBuildFile; fileRef = FECFEE952BCB414200DF65DF /* ActiveScreensStateReducer.swift */; };
		FECFEE992BCB41B600DF65DF /* AppState.swift in Sources */ = {isa = PBXBuildFile; fileRef = FECFEE982BCB41B600DF65DF /* AppState.swift */; };
		FECFEE9B2BCB41C400DF65DF /* AppStateReducer.swift in Sources */ = {isa = PBXBuildFile; fileRef = FECFEE9A2BCB41C400DF65DF /* AppStateReducer.swift */; };
		FECFEE9D2BCB431800DF65DF /* AppState+ScreenStateSelector.swift in Sources */ = {isa = PBXBuildFile; fileRef = FECFEE9C2BCB431800DF65DF /* AppState+ScreenStateSelector.swift */; };
		FECFEEA02BCB451300DF65DF /* NavigationModule.swift in Sources */ = {isa = PBXBuildFile; fileRef = FECFEE9F2BCB451300DF65DF /* NavigationModule.swift */; };
		FECFEEA32BCB45CA00DF65DF /* AuthorizationMiddleware.swift in Sources */ = {isa = PBXBuildFile; fileRef = FECFEEA22BCB45CA00DF65DF /* AuthorizationMiddleware.swift */; };
		FECFEEA82BCB472100DF65DF /* HomeView.swift in Sources */ = {isa = PBXBuildFile; fileRef = FECFEEA72BCB472100DF65DF /* HomeView.swift */; };
		FECFEEAA2BCB472F00DF65DF /* HomeViewState.swift in Sources */ = {isa = PBXBuildFile; fileRef = FECFEEA92BCB472F00DF65DF /* HomeViewState.swift */; };
		FECFEEAC2BCB474000DF65DF /* HomeViewStateAction.swift in Sources */ = {isa = PBXBuildFile; fileRef = FECFEEAB2BCB474000DF65DF /* HomeViewStateAction.swift */; };
		FECFEEAE2BCB475300DF65DF /* HomeViewStateReducer.swift in Sources */ = {isa = PBXBuildFile; fileRef = FECFEEAD2BCB475300DF65DF /* HomeViewStateReducer.swift */; };
		FECFEEB02BCB49C100DF65DF /* LoggerMiddleware.swift in Sources */ = {isa = PBXBuildFile; fileRef = FECFEEAF2BCB49C100DF65DF /* LoggerMiddleware.swift */; };
		FECFEEB62BCB4A5D00DF65DF /* RegisterViewState.swift in Sources */ = {isa = PBXBuildFile; fileRef = FECFEEB52BCB4A5D00DF65DF /* RegisterViewState.swift */; };
		FECFEEB82BCB4A6D00DF65DF /* RegisterViewStateAction.swift in Sources */ = {isa = PBXBuildFile; fileRef = FECFEEB72BCB4A6D00DF65DF /* RegisterViewStateAction.swift */; };
		FECFEEBA2BCB4A8000DF65DF /* RegisterViewStateReducer.swift in Sources */ = {isa = PBXBuildFile; fileRef = FECFEEB92BCB4A8000DF65DF /* RegisterViewStateReducer.swift */; };
		FECFEEBC2BCB4AA800DF65DF /* RegisterView.swift in Sources */ = {isa = PBXBuildFile; fileRef = FECFEEBB2BCB4AA800DF65DF /* RegisterView.swift */; };
/* End PBXBuildFile section */

/* Begin PBXFileReference section */
		FEBE10A92BCA8EC200C75D9C /* Quizlet.app */ = {isa = PBXFileReference; explicitFileType = wrapper.application; includeInIndex = 0; path = Quizlet.app; sourceTree = BUILT_PRODUCTS_DIR; };
		FEBE10AC2BCA8EC200C75D9C /* QuizletApp.swift */ = {isa = PBXFileReference; lastKnownFileType = sourcecode.swift; path = QuizletApp.swift; sourceTree = "<group>"; };
		FEBE10AE2BCA8EC200C75D9C /* ContentView.swift */ = {isa = PBXFileReference; lastKnownFileType = sourcecode.swift; path = ContentView.swift; sourceTree = "<group>"; };
		FEBE10B02BCA8EC300C75D9C /* Assets.xcassets */ = {isa = PBXFileReference; lastKnownFileType = folder.assetcatalog; path = Assets.xcassets; sourceTree = "<group>"; };
		FEBE10B32BCA8EC300C75D9C /* Preview Assets.xcassets */ = {isa = PBXFileReference; lastKnownFileType = folder.assetcatalog; path = "Preview Assets.xcassets"; sourceTree = "<group>"; };
		FEBE10CF2BCA93B300C75D9C /* QuizletNetworkLayer */ = {isa = PBXFileReference; lastKnownFileType = wrapper; name = QuizletNetworkLayer; path = ../QuizletNetworkLayer; sourceTree = "<group>"; };
		FEBE10D32BCA964600C75D9C /* ContentViewModel.swift */ = {isa = PBXFileReference; lastKnownFileType = sourcecode.swift; path = ContentViewModel.swift; sourceTree = "<group>"; };
		FEBE10D72BCA9D0100C75D9C /* AuthView.swift */ = {isa = PBXFileReference; lastKnownFileType = sourcecode.swift; path = AuthView.swift; sourceTree = "<group>"; };
		FEBE10D92BCA9D8D00C75D9C /* QuizletCommonUI */ = {isa = PBXFileReference; lastKnownFileType = wrapper; name = QuizletCommonUI; path = ../QuizletCommonUI; sourceTree = "<group>"; };
		FECFEE712BCB3A4200DF65DF /* QuizletRedux */ = {isa = PBXFileReference; lastKnownFileType = wrapper; name = QuizletRedux; path = ../QuizletRedux; sourceTree = "<group>"; };
		FECFEE7B2BCB3E9000DF65DF /* AuthViewState.swift */ = {isa = PBXFileReference; lastKnownFileType = sourcecode.swift; path = AuthViewState.swift; sourceTree = "<group>"; };
		FECFEE7D2BCB3EA000DF65DF /* AuthViewStateAction.swift */ = {isa = PBXFileReference; lastKnownFileType = sourcecode.swift; path = AuthViewStateAction.swift; sourceTree = "<group>"; };
		FECFEE802BCB3F5A00DF65DF /* AppScreenState.swift */ = {isa = PBXFileReference; lastKnownFileType = sourcecode.swift; path = AppScreenState.swift; sourceTree = "<group>"; };
		FECFEE822BCB3FC000DF65DF /* AppScreenStateReducer.swift */ = {isa = PBXFileReference; lastKnownFileType = sourcecode.swift; path = AppScreenStateReducer.swift; sourceTree = "<group>"; };
		FECFEE842BCB3FF000DF65DF /* AuthViewStateReducer.swift */ = {isa = PBXFileReference; lastKnownFileType = sourcecode.swift; path = AuthViewStateReducer.swift; sourceTree = "<group>"; };
		FECFEE872BCB406900DF65DF /* ActiveScreensState.swift */ = {isa = PBXFileReference; lastKnownFileType = sourcecode.swift; path = ActiveScreensState.swift; sourceTree = "<group>"; };
		FECFEE892BCB407A00DF65DF /* SplashView.swift */ = {isa = PBXFileReference; lastKnownFileType = sourcecode.swift; path = SplashView.swift; sourceTree = "<group>"; };
		FECFEE8D2BCB409100DF65DF /* SplashViewState.swift */ = {isa = PBXFileReference; lastKnownFileType = sourcecode.swift; path = SplashViewState.swift; sourceTree = "<group>"; };
		FECFEE8F2BCB409B00DF65DF /* SplashViewStateAction.swift */ = {isa = PBXFileReference; lastKnownFileType = sourcecode.swift; path = SplashViewStateAction.swift; sourceTree = "<group>"; };
		FECFEE912BCB40AF00DF65DF /* SplashViewStateReducer.swift */ = {isa = PBXFileReference; lastKnownFileType = sourcecode.swift; path = SplashViewStateReducer.swift; sourceTree = "<group>"; };
		FECFEE932BCB412300DF65DF /* ActiveScreensStateAction.swift */ = {isa = PBXFileReference; lastKnownFileType = sourcecode.swift; path = ActiveScreensStateAction.swift; sourceTree = "<group>"; };
		FECFEE952BCB414200DF65DF /* ActiveScreensStateReducer.swift */ = {isa = PBXFileReference; lastKnownFileType = sourcecode.swift; path = ActiveScreensStateReducer.swift; sourceTree = "<group>"; };
		FECFEE982BCB41B600DF65DF /* AppState.swift */ = {isa = PBXFileReference; lastKnownFileType = sourcecode.swift; path = AppState.swift; sourceTree = "<group>"; };
		FECFEE9A2BCB41C400DF65DF /* AppStateReducer.swift */ = {isa = PBXFileReference; lastKnownFileType = sourcecode.swift; path = AppStateReducer.swift; sourceTree = "<group>"; };
		FECFEE9C2BCB431800DF65DF /* AppState+ScreenStateSelector.swift */ = {isa = PBXFileReference; lastKnownFileType = sourcecode.swift; path = "AppState+ScreenStateSelector.swift"; sourceTree = "<group>"; };
		FECFEE9F2BCB451300DF65DF /* NavigationModule.swift */ = {isa = PBXFileReference; lastKnownFileType = sourcecode.swift; path = NavigationModule.swift; sourceTree = "<group>"; };
		FECFEEA22BCB45CA00DF65DF /* AuthorizationMiddleware.swift */ = {isa = PBXFileReference; lastKnownFileType = sourcecode.swift; path = AuthorizationMiddleware.swift; sourceTree = "<group>"; };
		FECFEEA72BCB472100DF65DF /* HomeView.swift */ = {isa = PBXFileReference; lastKnownFileType = sourcecode.swift; path = HomeView.swift; sourceTree = "<group>"; };
		FECFEEA92BCB472F00DF65DF /* HomeViewState.swift */ = {isa = PBXFileReference; lastKnownFileType = sourcecode.swift; path = HomeViewState.swift; sourceTree = "<group>"; };
		FECFEEAB2BCB474000DF65DF /* HomeViewStateAction.swift */ = {isa = PBXFileReference; lastKnownFileType = sourcecode.swift; path = HomeViewStateAction.swift; sourceTree = "<group>"; };
		FECFEEAD2BCB475300DF65DF /* HomeViewStateReducer.swift */ = {isa = PBXFileReference; lastKnownFileType = sourcecode.swift; path = HomeViewStateReducer.swift; sourceTree = "<group>"; };
		FECFEEAF2BCB49C100DF65DF /* LoggerMiddleware.swift */ = {isa = PBXFileReference; lastKnownFileType = sourcecode.swift; path = LoggerMiddleware.swift; sourceTree = "<group>"; };
		FECFEEB52BCB4A5D00DF65DF /* RegisterViewState.swift */ = {isa = PBXFileReference; lastKnownFileType = sourcecode.swift; path = RegisterViewState.swift; sourceTree = "<group>"; };
		FECFEEB72BCB4A6D00DF65DF /* RegisterViewStateAction.swift */ = {isa = PBXFileReference; lastKnownFileType = sourcecode.swift; path = RegisterViewStateAction.swift; sourceTree = "<group>"; };
		FECFEEB92BCB4A8000DF65DF /* RegisterViewStateReducer.swift */ = {isa = PBXFileReference; lastKnownFileType = sourcecode.swift; path = RegisterViewStateReducer.swift; sourceTree = "<group>"; };
		FECFEEBB2BCB4AA800DF65DF /* RegisterView.swift */ = {isa = PBXFileReference; lastKnownFileType = sourcecode.swift; path = RegisterView.swift; sourceTree = "<group>"; };
/* End PBXFileReference section */

/* Begin PBXFrameworksBuildPhase section */
		FEBE10A62BCA8EC200C75D9C /* Frameworks */ = {
			isa = PBXFrameworksBuildPhase;
			buildActionMask = 2147483647;
			files = (
				FEBE10DB2BCA9E2500C75D9C /* QuizletCommonUI in Frameworks */,
				FEBE10D22BCA940600C75D9C /* QuizletNetworkLayer in Frameworks */,
				FECFEE782BCB3E6900DF65DF /* QuizletRedux in Frameworks */,
			);
			runOnlyForDeploymentPostprocessing = 0;
		};
/* End PBXFrameworksBuildPhase section */

/* Begin PBXGroup section */
		FEBE10A02BCA8EC200C75D9C = {
			isa = PBXGroup;
			children = (
				FECFEE712BCB3A4200DF65DF /* QuizletRedux */,
				FEBE10D92BCA9D8D00C75D9C /* QuizletCommonUI */,
				FEBE10CF2BCA93B300C75D9C /* QuizletNetworkLayer */,
				FEBE10AB2BCA8EC200C75D9C /* Quizlet */,
				FEBE10AA2BCA8EC200C75D9C /* Products */,
				FEBE10D02BCA940600C75D9C /* Frameworks */,
			);
			sourceTree = "<group>";
		};
		FEBE10AA2BCA8EC200C75D9C /* Products */ = {
			isa = PBXGroup;
			children = (
				FEBE10A92BCA8EC200C75D9C /* Quizlet.app */,
			);
			name = Products;
			sourceTree = "<group>";
		};
		FEBE10AB2BCA8EC200C75D9C /* Quizlet */ = {
			isa = PBXGroup;
			children = (
				FECFEEA12BCB45B900DF65DF /* Middlewares */,
				FECFEE9E2BCB44FE00DF65DF /* Navigation */,
				FECFEE732BCB3E0800DF65DF /* GlobalStates */,
				FEBE10D52BCA9CF000C75D9C /* UI */,
				FEBE10AC2BCA8EC200C75D9C /* QuizletApp.swift */,
				FEBE10AE2BCA8EC200C75D9C /* ContentView.swift */,
				FEBE10B02BCA8EC300C75D9C /* Assets.xcassets */,
				FEBE10B22BCA8EC300C75D9C /* Preview Content */,
				FEBE10D32BCA964600C75D9C /* ContentViewModel.swift */,
			);
			path = Quizlet;
			sourceTree = "<group>";
		};
		FEBE10B22BCA8EC300C75D9C /* Preview Content */ = {
			isa = PBXGroup;
			children = (
				FEBE10B32BCA8EC300C75D9C /* Preview Assets.xcassets */,
			);
			path = "Preview Content";
			sourceTree = "<group>";
		};
		FEBE10D02BCA940600C75D9C /* Frameworks */ = {
			isa = PBXGroup;
			children = (
			);
			name = Frameworks;
			sourceTree = "<group>";
		};
		FEBE10D52BCA9CF000C75D9C /* UI */ = {
			isa = PBXGroup;
			children = (
				FECFEEB22BCB4A4600DF65DF /* RegisterView */,
				FECFEEA42BCB470A00DF65DF /* HomeView */,
				FECFEE722BCB3DD000DF65DF /* SplashView */,
				FEBE10D62BCA9CF700C75D9C /* AuthView */,
			);
			path = UI;
			sourceTree = "<group>";
		};
		FEBE10D62BCA9CF700C75D9C /* AuthView */ = {
			isa = PBXGroup;
			children = (
				FECFEE7A2BCB3E8200DF65DF /* State */,
				FECFEE792BCB3E7E00DF65DF /* View */,
			);
			path = AuthView;
			sourceTree = "<group>";
		};
		FECFEE722BCB3DD000DF65DF /* SplashView */ = {
			isa = PBXGroup;
			children = (
				FECFEE8C2BCB408200DF65DF /* State */,
				FECFEE8B2BCB407F00DF65DF /* View */,
			);
			path = SplashView;
			sourceTree = "<group>";
		};
		FECFEE732BCB3E0800DF65DF /* GlobalStates */ = {
			isa = PBXGroup;
			children = (
				FECFEE972BCB41AE00DF65DF /* AppState */,
				FECFEE862BCB406000DF65DF /* ActiveScreensState */,
				FECFEE7F2BCB3F5100DF65DF /* AppScreenState */,
			);
			path = GlobalStates;
			sourceTree = "<group>";
		};
		FECFEE792BCB3E7E00DF65DF /* View */ = {
			isa = PBXGroup;
			children = (
				FEBE10D72BCA9D0100C75D9C /* AuthView.swift */,
			);
			path = View;
			sourceTree = "<group>";
		};
		FECFEE7A2BCB3E8200DF65DF /* State */ = {
			isa = PBXGroup;
			children = (
				FECFEE7B2BCB3E9000DF65DF /* AuthViewState.swift */,
				FECFEE7D2BCB3EA000DF65DF /* AuthViewStateAction.swift */,
				FECFEE842BCB3FF000DF65DF /* AuthViewStateReducer.swift */,
			);
			path = State;
			sourceTree = "<group>";
		};
		FECFEE7F2BCB3F5100DF65DF /* AppScreenState */ = {
			isa = PBXGroup;
			children = (
				FECFEE802BCB3F5A00DF65DF /* AppScreenState.swift */,
				FECFEE822BCB3FC000DF65DF /* AppScreenStateReducer.swift */,
			);
			path = AppScreenState;
			sourceTree = "<group>";
		};
		FECFEE862BCB406000DF65DF /* ActiveScreensState */ = {
			isa = PBXGroup;
			children = (
				FECFEE872BCB406900DF65DF /* ActiveScreensState.swift */,
				FECFEE932BCB412300DF65DF /* ActiveScreensStateAction.swift */,
				FECFEE952BCB414200DF65DF /* ActiveScreensStateReducer.swift */,
			);
			path = ActiveScreensState;
			sourceTree = "<group>";
		};
		FECFEE8B2BCB407F00DF65DF /* View */ = {
			isa = PBXGroup;
			children = (
				FECFEE892BCB407A00DF65DF /* SplashView.swift */,
			);
			path = View;
			sourceTree = "<group>";
		};
		FECFEE8C2BCB408200DF65DF /* State */ = {
			isa = PBXGroup;
			children = (
				FECFEE8D2BCB409100DF65DF /* SplashViewState.swift */,
				FECFEE8F2BCB409B00DF65DF /* SplashViewStateAction.swift */,
				FECFEE912BCB40AF00DF65DF /* SplashViewStateReducer.swift */,
			);
			path = State;
			sourceTree = "<group>";
		};
		FECFEE972BCB41AE00DF65DF /* AppState */ = {
			isa = PBXGroup;
			children = (
				FECFEE982BCB41B600DF65DF /* AppState.swift */,
				FECFEE9A2BCB41C400DF65DF /* AppStateReducer.swift */,
				FECFEE9C2BCB431800DF65DF /* AppState+ScreenStateSelector.swift */,
			);
			path = AppState;
			sourceTree = "<group>";
		};
		FECFEE9E2BCB44FE00DF65DF /* Navigation */ = {
			isa = PBXGroup;
			children = (
				FECFEE9F2BCB451300DF65DF /* NavigationModule.swift */,
			);
			path = Navigation;
			sourceTree = "<group>";
		};
		FECFEEA12BCB45B900DF65DF /* Middlewares */ = {
			isa = PBXGroup;
			children = (
				FECFEEA22BCB45CA00DF65DF /* AuthorizationMiddleware.swift */,
				FECFEEAF2BCB49C100DF65DF /* LoggerMiddleware.swift */,
			);
			path = Middlewares;
			sourceTree = "<group>";
		};
		FECFEEA42BCB470A00DF65DF /* HomeView */ = {
			isa = PBXGroup;
			children = (
				FECFEEA62BCB471A00DF65DF /* State */,
				FECFEEA52BCB471600DF65DF /* View */,
			);
			path = HomeView;
			sourceTree = "<group>";
		};
		FECFEEA52BCB471600DF65DF /* View */ = {
			isa = PBXGroup;
			children = (
				FECFEEA72BCB472100DF65DF /* HomeView.swift */,
			);
			path = View;
			sourceTree = "<group>";
		};
		FECFEEA62BCB471A00DF65DF /* State */ = {
			isa = PBXGroup;
			children = (
				FECFEEA92BCB472F00DF65DF /* HomeViewState.swift */,
				FECFEEAB2BCB474000DF65DF /* HomeViewStateAction.swift */,
				FECFEEAD2BCB475300DF65DF /* HomeViewStateReducer.swift */,
			);
			path = State;
			sourceTree = "<group>";
		};
		FECFEEB22BCB4A4600DF65DF /* RegisterView */ = {
			isa = PBXGroup;
			children = (
				FECFEEB42BCB4A5100DF65DF /* State */,
				FECFEEB32BCB4A4E00DF65DF /* View */,
			);
			path = RegisterView;
			sourceTree = "<group>";
		};
		FECFEEB32BCB4A4E00DF65DF /* View */ = {
			isa = PBXGroup;
			children = (
				FECFEEBB2BCB4AA800DF65DF /* RegisterView.swift */,
			);
			path = View;
			sourceTree = "<group>";
		};
		FECFEEB42BCB4A5100DF65DF /* State */ = {
			isa = PBXGroup;
			children = (
				FECFEEB52BCB4A5D00DF65DF /* RegisterViewState.swift */,
				FECFEEB72BCB4A6D00DF65DF /* RegisterViewStateAction.swift */,
				FECFEEB92BCB4A8000DF65DF /* RegisterViewStateReducer.swift */,
			);
			path = State;
			sourceTree = "<group>";
		};
/* End PBXGroup section */

/* Begin PBXNativeTarget section */
		FEBE10A82BCA8EC200C75D9C /* Quizlet */ = {
			isa = PBXNativeTarget;
			buildConfigurationList = FEBE10B72BCA8EC300C75D9C /* Build configuration list for PBXNativeTarget "Quizlet" */;
			buildPhases = (
				FEBE10A52BCA8EC200C75D9C /* Sources */,
				FEBE10A62BCA8EC200C75D9C /* Frameworks */,
				FEBE10A72BCA8EC200C75D9C /* Resources */,
			);
			buildRules = (
			);
			dependencies = (
			);
			name = Quizlet;
			packageProductDependencies = (
				FEBE10D12BCA940600C75D9C /* QuizletNetworkLayer */,
				FEBE10DA2BCA9E2500C75D9C /* QuizletCommonUI */,
				FECFEE772BCB3E6900DF65DF /* QuizletRedux */,
			);
			productName = Quizlet;
			productReference = FEBE10A92BCA8EC200C75D9C /* Quizlet.app */;
			productType = "com.apple.product-type.application";
		};
/* End PBXNativeTarget section */

/* Begin PBXProject section */
		FEBE10A12BCA8EC200C75D9C /* Project object */ = {
			isa = PBXProject;
			attributes = {
				BuildIndependentTargetsInParallel = 1;
				LastSwiftUpdateCheck = 1530;
				LastUpgradeCheck = 1530;
				TargetAttributes = {
					FEBE10A82BCA8EC200C75D9C = {
						CreatedOnToolsVersion = 15.3;
					};
				};
			};
			buildConfigurationList = FEBE10A42BCA8EC200C75D9C /* Build configuration list for PBXProject "Quizlet" */;
			compatibilityVersion = "Xcode 14.0";
			developmentRegion = en;
			hasScannedForEncodings = 0;
			knownRegions = (
				en,
				Base,
			);
			mainGroup = FEBE10A02BCA8EC200C75D9C;
			productRefGroup = FEBE10AA2BCA8EC200C75D9C /* Products */;
			projectDirPath = "";
			projectRoot = "";
			targets = (
				FEBE10A82BCA8EC200C75D9C /* Quizlet */,
			);
		};
/* End PBXProject section */

/* Begin PBXResourcesBuildPhase section */
		FEBE10A72BCA8EC200C75D9C /* Resources */ = {
			isa = PBXResourcesBuildPhase;
			buildActionMask = 2147483647;
			files = (
				FEBE10B42BCA8EC300C75D9C /* Preview Assets.xcassets in Resources */,
				FEBE10B12BCA8EC300C75D9C /* Assets.xcassets in Resources */,
			);
			runOnlyForDeploymentPostprocessing = 0;
		};
/* End PBXResourcesBuildPhase section */

/* Begin PBXSourcesBuildPhase section */
		FEBE10A52BCA8EC200C75D9C /* Sources */ = {
			isa = PBXSourcesBuildPhase;
			buildActionMask = 2147483647;
			files = (
				FECFEE832BCB3FC000DF65DF /* AppScreenStateReducer.swift in Sources */,
				FECFEE9D2BCB431800DF65DF /* AppState+ScreenStateSelector.swift in Sources */,
				FECFEE902BCB409B00DF65DF /* SplashViewStateAction.swift in Sources */,
				FECFEEAA2BCB472F00DF65DF /* HomeViewState.swift in Sources */,
				FEBE10AF2BCA8EC200C75D9C /* ContentView.swift in Sources */,
				FECFEEB02BCB49C100DF65DF /* LoggerMiddleware.swift in Sources */,
				FECFEE992BCB41B600DF65DF /* AppState.swift in Sources */,
				FECFEEB62BCB4A5D00DF65DF /* RegisterViewState.swift in Sources */,
				FECFEEA82BCB472100DF65DF /* HomeView.swift in Sources */,
				FECFEE8E2BCB409100DF65DF /* SplashViewState.swift in Sources */,
				FECFEEAE2BCB475300DF65DF /* HomeViewStateReducer.swift in Sources */,
				FECFEE812BCB3F5A00DF65DF /* AppScreenState.swift in Sources */,
				FECFEE882BCB406900DF65DF /* ActiveScreensState.swift in Sources */,
				FEBE10AD2BCA8EC200C75D9C /* QuizletApp.swift in Sources */,
				FECFEE942BCB412300DF65DF /* ActiveScreensStateAction.swift in Sources */,
				FECFEE8A2BCB407A00DF65DF /* SplashView.swift in Sources */,
				FEBE10D82BCA9D0100C75D9C /* AuthView.swift in Sources */,
				FECFEE962BCB414200DF65DF /* ActiveScreensStateReducer.swift in Sources */,
				FECFEEAC2BCB474000DF65DF /* HomeViewStateAction.swift in Sources */,
				FEBE10D42BCA964600C75D9C /* ContentViewModel.swift in Sources */,
				FECFEE7C2BCB3E9000DF65DF /* AuthViewState.swift in Sources */,
				FECFEEBC2BCB4AA800DF65DF /* RegisterView.swift in Sources */,
				FECFEEA02BCB451300DF65DF /* NavigationModule.swift in Sources */,
				FECFEE852BCB3FF000DF65DF /* AuthViewStateReducer.swift in Sources */,
				FECFEEB82BCB4A6D00DF65DF /* RegisterViewStateAction.swift in Sources */,
				FECFEE7E2BCB3EA000DF65DF /* AuthViewStateAction.swift in Sources */,
				FECFEE922BCB40AF00DF65DF /* SplashViewStateReducer.swift in Sources */,
				FECFEEBA2BCB4A8000DF65DF /* RegisterViewStateReducer.swift in Sources */,
				FECFEEA32BCB45CA00DF65DF /* AuthorizationMiddleware.swift in Sources */,
				FECFEE9B2BCB41C400DF65DF /* AppStateReducer.swift in Sources */,
			);
			runOnlyForDeploymentPostprocessing = 0;
		};
/* End PBXSourcesBuildPhase section */

/* Begin XCBuildConfiguration section */
		FEBE10B52BCA8EC300C75D9C /* Debug */ = {
			isa = XCBuildConfiguration;
			buildSettings = {
				ALWAYS_SEARCH_USER_PATHS = NO;
				ASSETCATALOG_COMPILER_GENERATE_SWIFT_ASSET_SYMBOL_EXTENSIONS = YES;
				CLANG_ANALYZER_NONNULL = YES;
				CLANG_ANALYZER_NUMBER_OBJECT_CONVERSION = YES_AGGRESSIVE;
				CLANG_CXX_LANGUAGE_STANDARD = "gnu++20";
				CLANG_ENABLE_MODULES = YES;
				CLANG_ENABLE_OBJC_ARC = YES;
				CLANG_ENABLE_OBJC_WEAK = YES;
				CLANG_WARN_BLOCK_CAPTURE_AUTORELEASING = YES;
				CLANG_WARN_BOOL_CONVERSION = YES;
				CLANG_WARN_COMMA = YES;
				CLANG_WARN_CONSTANT_CONVERSION = YES;
				CLANG_WARN_DEPRECATED_OBJC_IMPLEMENTATIONS = YES;
				CLANG_WARN_DIRECT_OBJC_ISA_USAGE = YES_ERROR;
				CLANG_WARN_DOCUMENTATION_COMMENTS = YES;
				CLANG_WARN_EMPTY_BODY = YES;
				CLANG_WARN_ENUM_CONVERSION = YES;
				CLANG_WARN_INFINITE_RECURSION = YES;
				CLANG_WARN_INT_CONVERSION = YES;
				CLANG_WARN_NON_LITERAL_NULL_CONVERSION = YES;
				CLANG_WARN_OBJC_IMPLICIT_RETAIN_SELF = YES;
				CLANG_WARN_OBJC_LITERAL_CONVERSION = YES;
				CLANG_WARN_OBJC_ROOT_CLASS = YES_ERROR;
				CLANG_WARN_QUOTED_INCLUDE_IN_FRAMEWORK_HEADER = YES;
				CLANG_WARN_RANGE_LOOP_ANALYSIS = YES;
				CLANG_WARN_STRICT_PROTOTYPES = YES;
				CLANG_WARN_SUSPICIOUS_MOVE = YES;
				CLANG_WARN_UNGUARDED_AVAILABILITY = YES_AGGRESSIVE;
				CLANG_WARN_UNREACHABLE_CODE = YES;
				CLANG_WARN__DUPLICATE_METHOD_MATCH = YES;
				COPY_PHASE_STRIP = NO;
				DEBUG_INFORMATION_FORMAT = dwarf;
				ENABLE_STRICT_OBJC_MSGSEND = YES;
				ENABLE_TESTABILITY = YES;
				ENABLE_USER_SCRIPT_SANDBOXING = YES;
				GCC_C_LANGUAGE_STANDARD = gnu17;
				GCC_DYNAMIC_NO_PIC = NO;
				GCC_NO_COMMON_BLOCKS = YES;
				GCC_OPTIMIZATION_LEVEL = 0;
				GCC_PREPROCESSOR_DEFINITIONS = (
					"DEBUG=1",
					"$(inherited)",
				);
				GCC_WARN_64_TO_32_BIT_CONVERSION = YES;
				GCC_WARN_ABOUT_RETURN_TYPE = YES_ERROR;
				GCC_WARN_UNDECLARED_SELECTOR = YES;
				GCC_WARN_UNINITIALIZED_AUTOS = YES_AGGRESSIVE;
				GCC_WARN_UNUSED_FUNCTION = YES;
				GCC_WARN_UNUSED_VARIABLE = YES;
				IPHONEOS_DEPLOYMENT_TARGET = 17.0;
				LOCALIZATION_PREFERS_STRING_CATALOGS = YES;
				MTL_ENABLE_DEBUG_INFO = INCLUDE_SOURCE;
				MTL_FAST_MATH = YES;
				ONLY_ACTIVE_ARCH = YES;
				SDKROOT = iphoneos;
				SWIFT_ACTIVE_COMPILATION_CONDITIONS = "DEBUG $(inherited)";
				SWIFT_OPTIMIZATION_LEVEL = "-Onone";
			};
			name = Debug;
		};
		FEBE10B62BCA8EC300C75D9C /* Release */ = {
			isa = XCBuildConfiguration;
			buildSettings = {
				ALWAYS_SEARCH_USER_PATHS = NO;
				ASSETCATALOG_COMPILER_GENERATE_SWIFT_ASSET_SYMBOL_EXTENSIONS = YES;
				CLANG_ANALYZER_NONNULL = YES;
				CLANG_ANALYZER_NUMBER_OBJECT_CONVERSION = YES_AGGRESSIVE;
				CLANG_CXX_LANGUAGE_STANDARD = "gnu++20";
				CLANG_ENABLE_MODULES = YES;
				CLANG_ENABLE_OBJC_ARC = YES;
				CLANG_ENABLE_OBJC_WEAK = YES;
				CLANG_WARN_BLOCK_CAPTURE_AUTORELEASING = YES;
				CLANG_WARN_BOOL_CONVERSION = YES;
				CLANG_WARN_COMMA = YES;
				CLANG_WARN_CONSTANT_CONVERSION = YES;
				CLANG_WARN_DEPRECATED_OBJC_IMPLEMENTATIONS = YES;
				CLANG_WARN_DIRECT_OBJC_ISA_USAGE = YES_ERROR;
				CLANG_WARN_DOCUMENTATION_COMMENTS = YES;
				CLANG_WARN_EMPTY_BODY = YES;
				CLANG_WARN_ENUM_CONVERSION = YES;
				CLANG_WARN_INFINITE_RECURSION = YES;
				CLANG_WARN_INT_CONVERSION = YES;
				CLANG_WARN_NON_LITERAL_NULL_CONVERSION = YES;
				CLANG_WARN_OBJC_IMPLICIT_RETAIN_SELF = YES;
				CLANG_WARN_OBJC_LITERAL_CONVERSION = YES;
				CLANG_WARN_OBJC_ROOT_CLASS = YES_ERROR;
				CLANG_WARN_QUOTED_INCLUDE_IN_FRAMEWORK_HEADER = YES;
				CLANG_WARN_RANGE_LOOP_ANALYSIS = YES;
				CLANG_WARN_STRICT_PROTOTYPES = YES;
				CLANG_WARN_SUSPICIOUS_MOVE = YES;
				CLANG_WARN_UNGUARDED_AVAILABILITY = YES_AGGRESSIVE;
				CLANG_WARN_UNREACHABLE_CODE = YES;
				CLANG_WARN__DUPLICATE_METHOD_MATCH = YES;
				COPY_PHASE_STRIP = NO;
				DEBUG_INFORMATION_FORMAT = "dwarf-with-dsym";
				ENABLE_NS_ASSERTIONS = NO;
				ENABLE_STRICT_OBJC_MSGSEND = YES;
				ENABLE_USER_SCRIPT_SANDBOXING = YES;
				GCC_C_LANGUAGE_STANDARD = gnu17;
				GCC_NO_COMMON_BLOCKS = YES;
				GCC_WARN_64_TO_32_BIT_CONVERSION = YES;
				GCC_WARN_ABOUT_RETURN_TYPE = YES_ERROR;
				GCC_WARN_UNDECLARED_SELECTOR = YES;
				GCC_WARN_UNINITIALIZED_AUTOS = YES_AGGRESSIVE;
				GCC_WARN_UNUSED_FUNCTION = YES;
				GCC_WARN_UNUSED_VARIABLE = YES;
				IPHONEOS_DEPLOYMENT_TARGET = 17.0;
				LOCALIZATION_PREFERS_STRING_CATALOGS = YES;
				MTL_ENABLE_DEBUG_INFO = NO;
				MTL_FAST_MATH = YES;
				SDKROOT = iphoneos;
				SWIFT_COMPILATION_MODE = wholemodule;
				VALIDATE_PRODUCT = YES;
			};
			name = Release;
		};
		FEBE10B82BCA8EC300C75D9C /* Debug */ = {
			isa = XCBuildConfiguration;
			buildSettings = {
				ASSETCATALOG_COMPILER_APPICON_NAME = AppIcon;
				ASSETCATALOG_COMPILER_GLOBAL_ACCENT_COLOR_NAME = AccentColor;
				CODE_SIGN_STYLE = Automatic;
				CURRENT_PROJECT_VERSION = 1;
				DEVELOPMENT_ASSET_PATHS = "\"Quizlet/Preview Content\"";
				DEVELOPMENT_TEAM = U49D7QC954;
				ENABLE_PREVIEWS = YES;
				GENERATE_INFOPLIST_FILE = YES;
				INFOPLIST_KEY_UIApplicationSceneManifest_Generation = YES;
				INFOPLIST_KEY_UIApplicationSupportsIndirectInputEvents = YES;
				INFOPLIST_KEY_UILaunchScreen_Generation = YES;
				INFOPLIST_KEY_UISupportedInterfaceOrientations = UIInterfaceOrientationPortrait;
				INFOPLIST_KEY_UISupportedInterfaceOrientations_iPad = "UIInterfaceOrientationLandscapeLeft UIInterfaceOrientationLandscapeRight UIInterfaceOrientationPortrait UIInterfaceOrientationPortraitUpsideDown";
				IPHONEOS_DEPLOYMENT_TARGET = 17.0;
				LD_RUNPATH_SEARCH_PATHS = (
					"$(inherited)",
					"@executable_path/Frameworks",
				);
				MARKETING_VERSION = 1.0;
				PRODUCT_BUNDLE_IDENTIFIER = com.danyxw.Quizlet;
				PRODUCT_NAME = "$(TARGET_NAME)";
				SUPPORTED_PLATFORMS = "iphoneos iphonesimulator";
				SUPPORTS_MACCATALYST = NO;
				SUPPORTS_MAC_DESIGNED_FOR_IPHONE_IPAD = NO;
				SUPPORTS_XR_DESIGNED_FOR_IPHONE_IPAD = NO;
				SWIFT_EMIT_LOC_STRINGS = YES;
				SWIFT_VERSION = 5.0;
				TARGETED_DEVICE_FAMILY = 1;
			};
			name = Debug;
		};
		FEBE10B92BCA8EC300C75D9C /* Release */ = {
			isa = XCBuildConfiguration;
			buildSettings = {
				ASSETCATALOG_COMPILER_APPICON_NAME = AppIcon;
				ASSETCATALOG_COMPILER_GLOBAL_ACCENT_COLOR_NAME = AccentColor;
				CODE_SIGN_STYLE = Automatic;
				CURRENT_PROJECT_VERSION = 1;
				DEVELOPMENT_ASSET_PATHS = "\"Quizlet/Preview Content\"";
				DEVELOPMENT_TEAM = U49D7QC954;
				ENABLE_PREVIEWS = YES;
				GENERATE_INFOPLIST_FILE = YES;
				INFOPLIST_KEY_UIApplicationSceneManifest_Generation = YES;
				INFOPLIST_KEY_UIApplicationSupportsIndirectInputEvents = YES;
				INFOPLIST_KEY_UILaunchScreen_Generation = YES;
				INFOPLIST_KEY_UISupportedInterfaceOrientations = UIInterfaceOrientationPortrait;
				INFOPLIST_KEY_UISupportedInterfaceOrientations_iPad = "UIInterfaceOrientationLandscapeLeft UIInterfaceOrientationLandscapeRight UIInterfaceOrientationPortrait UIInterfaceOrientationPortraitUpsideDown";
				IPHONEOS_DEPLOYMENT_TARGET = 17.0;
				LD_RUNPATH_SEARCH_PATHS = (
					"$(inherited)",
					"@executable_path/Frameworks",
				);
				MARKETING_VERSION = 1.0;
				PRODUCT_BUNDLE_IDENTIFIER = com.danyxw.Quizlet;
				PRODUCT_NAME = "$(TARGET_NAME)";
				SUPPORTED_PLATFORMS = "iphoneos iphonesimulator";
				SUPPORTS_MACCATALYST = NO;
				SUPPORTS_MAC_DESIGNED_FOR_IPHONE_IPAD = NO;
				SUPPORTS_XR_DESIGNED_FOR_IPHONE_IPAD = NO;
				SWIFT_EMIT_LOC_STRINGS = YES;
				SWIFT_VERSION = 5.0;
				TARGETED_DEVICE_FAMILY = 1;
			};
			name = Release;
		};
/* End XCBuildConfiguration section */

/* Begin XCConfigurationList section */
		FEBE10A42BCA8EC200C75D9C /* Build configuration list for PBXProject "Quizlet" */ = {
			isa = XCConfigurationList;
			buildConfigurations = (
				FEBE10B52BCA8EC300C75D9C /* Debug */,
				FEBE10B62BCA8EC300C75D9C /* Release */,
			);
			defaultConfigurationIsVisible = 0;
			defaultConfigurationName = Release;
		};
		FEBE10B72BCA8EC300C75D9C /* Build configuration list for PBXNativeTarget "Quizlet" */ = {
			isa = XCConfigurationList;
			buildConfigurations = (
				FEBE10B82BCA8EC300C75D9C /* Debug */,
				FEBE10B92BCA8EC300C75D9C /* Release */,
			);
			defaultConfigurationIsVisible = 0;
			defaultConfigurationName = Release;
		};
/* End XCConfigurationList section */

/* Begin XCSwiftPackageProductDependency section */
		FEBE10D12BCA940600C75D9C /* QuizletNetworkLayer */ = {
			isa = XCSwiftPackageProductDependency;
			productName = QuizletNetworkLayer;
		};
		FEBE10DA2BCA9E2500C75D9C /* QuizletCommonUI */ = {
			isa = XCSwiftPackageProductDependency;
			productName = QuizletCommonUI;
		};
		FECFEE772BCB3E6900DF65DF /* QuizletRedux */ = {
			isa = XCSwiftPackageProductDependency;
			productName = QuizletRedux;
		};
/* End XCSwiftPackageProductDependency section */
	};
	rootObject = FEBE10A12BCA8EC200C75D9C /* Project object */;
}
