{
  "originHash" : "9820a4e44eca534cc20e0f6d949cc8666cad0ff74196f5579b21f91e28895ab6",
  "pins" : [
    {
      "identity" : "realm-core",
      "kind" : "remoteSourceControl",
      "location" : "https://github.com/realm/realm-core.git",
      "state" : {
        "revision" : "e55176982ed9154899a39693d24609645b81586b",
        "version" : "14.3.0"
      }
    },
    {
      "identity" : "realm-swift",
      "kind" : "remoteSourceControl",
      "location" : "https://github.com/realm/realm-swift.git",
      "state" : {
        "revision" : "0a97dda4dd0b77449e55b997cf636651e6187634",
        "version" : "10.49.0"
      }
    }
  ],
  "version" : 3
}
